
Microsoft Visual Studio Solution File, Format Version 12.00
# Visual Studio Version 17
VisualStudioVersion = 17.8.34525.116
MinimumVisualStudioVersion = 10.0.40219.1
Project("{2150E333-8FDC-42A3-9474-1A3956D46DE8}") = "src", "src", "{90EFA67F-FE5C-41F2-ADE6-DF741403FC85}"
EndProject
Project("{2150E333-8FDC-42A3-9474-1A3956D46DE8}") = "tests", "tests", "{4DAAD178-5D5F-4D38-A563-8798E9E13921}"
EndProject
Project("{9A19103F-16F7-4668-BE54-9A1E7A4F7556}") = "CashFlow.API", "src\CashFlow.API\CashFlow.API.csproj", "{74126A92-85D4-472A-B3F3-688DA2047621}"
EndProject
Project("{9A19103F-16F7-4668-BE54-9A1E7A4F7556}") = "CashFlow.Domain", "src\CashFlow.Domain\CashFlow.Domain.csproj", "{2CFCB59D-B054-4EAA-B97C-6D3754FF37C7}"
EndProject
Project("{9A19103F-16F7-4668-BE54-9A1E7A4F7556}") = "CashFlow.Application", "src\CashFlow.Application\CashFlow.Application.csproj", "{A001C7B9-5B28-4E6F-B976-15CDF87A4C5F}"
EndProject
Project("{9A19103F-16F7-4668-BE54-9A1E7A4F7556}") = "CashFlow.Communication", "src\CashFlow.Communication\CashFlow.Communication.csproj", "{1CA82AF1-1B61-442C-ACBD-4B1F89E68752}"
EndProject
Project("{9A19103F-16F7-4668-BE54-9A1E7A4F7556}") = "CashFlow.Exception", "src\CashFlow.Exception\CashFlow.Exception.csproj", "{A71F0BDD-5E4F-499F-86C1-FE9CEF0708C3}"
EndProject
Project("{9A19103F-16F7-4668-BE54-9A1E7A4F7556}") = "CashFlow.Infrastructure", "src\CashFlow.Infrastructure\CashFlow.Infrastructure.csproj", "{62A1C038-B850-4F29-ACC8-78481829F14F}"
EndProject
Project("{9A19103F-16F7-4668-BE54-9A1E7A4F7556}") = "Validators.Test", "tests\Validators.Test\Validators.Test.csproj", "{B10CF5BF-F12D-445B-81E7-A08141154B56}"
EndProject
Project("{9A19103F-16F7-4668-BE54-9A1E7A4F7556}") = "CommonTestUtilities", "tests\CommonTestUtilities\CommonTestUtilities.csproj", "{1D962A98-CF3A-4B9A-9E6F-C26C4EB8CFCB}"
EndProject
Project("{FAE04EC0-301F-11D3-BF4B-00C04F79EFBC}") = "UseCases.Test", "tests\UseCases.Test\UseCases.Test.csproj", "{543180AD-95CB-4F6A-B346-BB60342C3E54}"
EndProject
Global
	GlobalSection(SolutionConfigurationPlatforms) = preSolution
		Debug|Any CPU = Debug|Any CPU
		Release|Any CPU = Release|Any CPU
	EndGlobalSection
	GlobalSection(ProjectConfigurationPlatforms) = postSolution
		{74126A92-85D4-472A-B3F3-688DA2047621}.Debug|Any CPU.ActiveCfg = Debug|Any CPU
		{74126A92-85D4-472A-B3F3-688DA2047621}.Debug|Any CPU.Build.0 = Debug|Any CPU
		{74126A92-85D4-472A-B3F3-688DA2047621}.Release|Any CPU.ActiveCfg = Release|Any CPU
		{74126A92-85D4-472A-B3F3-688DA2047621}.Release|Any CPU.Build.0 = Release|Any CPU
		{2CFCB59D-B054-4EAA-B97C-6D3754FF37C7}.Debug|Any CPU.ActiveCfg = Debug|Any CPU
		{2CFCB59D-B054-4EAA-B97C-6D3754FF37C7}.Debug|Any CPU.Build.0 = Debug|Any CPU
		{2CFCB59D-B054-4EAA-B97C-6D3754FF37C7}.Release|Any CPU.ActiveCfg = Release|Any CPU
		{2CFCB59D-B054-4EAA-B97C-6D3754FF37C7}.Release|Any CPU.Build.0 = Release|Any CPU
		{A001C7B9-5B28-4E6F-B976-15CDF87A4C5F}.Debug|Any CPU.ActiveCfg = Debug|Any CPU
		{A001C7B9-5B28-4E6F-B976-15CDF87A4C5F}.Debug|Any CPU.Build.0 = Debug|Any CPU
		{A001C7B9-5B28-4E6F-B976-15CDF87A4C5F}.Release|Any CPU.ActiveCfg = Release|Any CPU
		{A001C7B9-5B28-4E6F-B976-15CDF87A4C5F}.Release|Any CPU.Build.0 = Release|Any CPU
		{1CA82AF1-1B61-442C-ACBD-4B1F89E68752}.Debug|Any CPU.ActiveCfg = Debug|Any CPU
		{1CA82AF1-1B61-442C-ACBD-4B1F89E68752}.Debug|Any CPU.Build.0 = Debug|Any CPU
		{1CA82AF1-1B61-442C-ACBD-4B1F89E68752}.Release|Any CPU.ActiveCfg = Release|Any CPU
		{1CA82AF1-1B61-442C-ACBD-4B1F89E68752}.Release|Any CPU.Build.0 = Release|Any CPU
		{A71F0BDD-5E4F-499F-86C1-FE9CEF0708C3}.Debug|Any CPU.ActiveCfg = Debug|Any CPU
		{A71F0BDD-5E4F-499F-86C1-FE9CEF0708C3}.Debug|Any CPU.Build.0 = Debug|Any CPU
		{A71F0BDD-5E4F-499F-86C1-FE9CEF0708C3}.Release|Any CPU.ActiveCfg = Release|Any CPU
		{A71F0BDD-5E4F-499F-86C1-FE9CEF0708C3}.Release|Any CPU.Build.0 = Release|Any CPU
		{62A1C038-B850-4F29-ACC8-78481829F14F}.Debug|Any CPU.ActiveCfg = Debug|Any CPU
		{62A1C038-B850-4F29-ACC8-78481829F14F}.Debug|Any CPU.Build.0 = Debug|Any CPU
		{62A1C038-B850-4F29-ACC8-78481829F14F}.Release|Any CPU.ActiveCfg = Release|Any CPU
		{62A1C038-B850-4F29-ACC8-78481829F14F}.Release|Any CPU.Build.0 = Release|Any CPU
		{B10CF5BF-F12D-445B-81E7-A08141154B56}.Debug|Any CPU.ActiveCfg = Debug|Any CPU
		{B10CF5BF-F12D-445B-81E7-A08141154B56}.Debug|Any CPU.Build.0 = Debug|Any CPU
		{B10CF5BF-F12D-445B-81E7-A08141154B56}.Release|Any CPU.ActiveCfg = Release|Any CPU
		{B10CF5BF-F12D-445B-81E7-A08141154B56}.Release|Any CPU.Build.0 = Release|Any CPU
		{1D962A98-CF3A-4B9A-9E6F-C26C4EB8CFCB}.Debug|Any CPU.ActiveCfg = Debug|Any CPU
		{1D962A98-CF3A-4B9A-9E6F-C26C4EB8CFCB}.Debug|Any CPU.Build.0 = Debug|Any CPU
		{1D962A98-CF3A-4B9A-9E6F-C26C4EB8CFCB}.Release|Any CPU.ActiveCfg = Release|Any CPU
		{1D962A98-CF3A-4B9A-9E6F-C26C4EB8CFCB}.Release|Any CPU.Build.0 = Release|Any CPU
		{543180AD-95CB-4F6A-B346-BB60342C3E54}.Debug|Any CPU.ActiveCfg = Debug|Any CPU
		{543180AD-95CB-4F6A-B346-BB60342C3E54}.Debug|Any CPU.Build.0 = Debug|Any CPU
		{543180AD-95CB-4F6A-B346-BB60342C3E54}.Release|Any CPU.ActiveCfg = Release|Any CPU
		{543180AD-95CB-4F6A-B346-BB60342C3E54}.Release|Any CPU.Build.0 = Release|Any CPU
	EndGlobalSection
	GlobalSection(SolutionProperties) = preSolution
		HideSolutionNode = FALSE
	EndGlobalSection
	GlobalSection(NestedProjects) = preSolution
		{74126A92-85D4-472A-B3F3-688DA2047621} = {90EFA67F-FE5C-41F2-ADE6-DF741403FC85}
		{2CFCB59D-B054-4EAA-B97C-6D3754FF37C7} = {90EFA67F-FE5C-41F2-ADE6-DF741403FC85}
		{A001C7B9-5B28-4E6F-B976-15CDF87A4C5F} = {90EFA67F-FE5C-41F2-ADE6-DF741403FC85}
		{1CA82AF1-1B61-442C-ACBD-4B1F89E68752} = {90EFA67F-FE5C-41F2-ADE6-DF741403FC85}
		{A71F0BDD-5E4F-499F-86C1-FE9CEF0708C3} = {90EFA67F-FE5C-41F2-ADE6-DF741403FC85}
		{62A1C038-B850-4F29-ACC8-78481829F14F} = {90EFA67F-FE5C-41F2-ADE6-DF741403FC85}
		{B10CF5BF-F12D-445B-81E7-A08141154B56} = {4DAAD178-5D5F-4D38-A563-8798E9E13921}
		{1D962A98-CF3A-4B9A-9E6F-C26C4EB8CFCB} = {4DAAD178-5D5F-4D38-A563-8798E9E13921}
		{543180AD-95CB-4F6A-B346-BB60342C3E54} = {4DAAD178-5D5F-4D38-A563-8798E9E13921}
	EndGlobalSection
	GlobalSection(ExtensibilityGlobals) = postSolution
		SolutionGuid = {A46E22BF-21BB-49E4-866B-38A83DA0A655}
	EndGlobalSection
EndGlobal
